
Microsoft Visual Studio Solution File, Format Version 12.00
# Visual Studio 15
VisualStudioVersion = 15.0.27130.2010
MinimumVisualStudioVersion = 10.0.40219.1
Project("{9A19103F-16F7-4668-BE54-9A1E7A4F7556}") = "testcode", "testcode\testcode.csproj", "{58B9EA49-7A4D-4AEA-BFD1-C58A0AF180BB}"
EndProject
Project("{FAE04EC0-301F-11D3-BF4B-00C04F79EFBC}") = "PluralWeb", "PluralWeb\PluralWeb.csproj", "{0DDE5D76-49BD-49E4-8922-A9C220D7BD05}"
EndProject
Global
	GlobalSection(SolutionConfigurationPlatforms) = preSolution
		Debug|Any CPU = Debug|Any CPU
		Release|Any CPU = Release|Any CPU
	EndGlobalSection
	GlobalSection(ProjectConfigurationPlatforms) = postSolution
		{58B9EA49-7A4D-4AEA-BFD1-C58A0AF180BB}.Debug|Any CPU.ActiveCfg = Debug|Any CPU
		{58B9EA49-7A4D-4AEA-BFD1-C58A0AF180BB}.Debug|Any CPU.Build.0 = Debug|Any CPU
		{58B9EA49-7A4D-4AEA-BFD1-C58A0AF180BB}.Release|Any CPU.ActiveCfg = Release|Any CPU
		{58B9EA49-7A4D-4AEA-BFD1-C58A0AF180BB}.Release|Any CPU.Build.0 = Release|Any CPU
		{0DDE5D76-49BD-49E4-8922-A9C220D7BD05}.Debug|Any CPU.ActiveCfg = Debug|Any CPU
		{0DDE5D76-49BD-49E4-8922-A9C220D7BD05}.Debug|Any CPU.Build.0 = Debug|Any CPU
		{0DDE5D76-49BD-49E4-8922-A9C220D7BD05}.Release|Any CPU.ActiveCfg = Release|Any CPU
		{0DDE5D76-49BD-49E4-8922-A9C220D7BD05}.Release|Any CPU.Build.0 = Release|Any CPU
	EndGlobalSection
	GlobalSection(SolutionProperties) = preSolution
		HideSolutionNode = FALSE
	EndGlobalSection
	GlobalSection(ExtensibilityGlobals) = postSolution
		SolutionGuid = {96E6A1EE-822E-415E-B6D6-95A36C43BE67}
	EndGlobalSection
EndGlobal
